// !$*UTF8*$!
{
	archiveVersion = 1;
	classes = {
	};
	objectVersion = 50;
	objects = {

/* Begin PBXBuildFile section */
		096FF2D6208B76E400B8F228 /* AppDelegate.swift in Sources */ = {isa = PBXBuildFile; fileRef = 096FF2D5208B76E400B8F228 /* AppDelegate.swift */; };
		096FF2D8208B76E400B8F228 /* StateViewController.swift in Sources */ = {isa = PBXBuildFile; fileRef = 096FF2D7208B76E400B8F228 /* StateViewController.swift */; };
		096FF2DB208B76E400B8F228 /* Main.storyboard in Resources */ = {isa = PBXBuildFile; fileRef = 096FF2D9208B76E400B8F228 /* Main.storyboard */; };
		096FF2DD208B76E500B8F228 /* Assets.xcassets in Resources */ = {isa = PBXBuildFile; fileRef = 096FF2DC208B76E500B8F228 /* Assets.xcassets */; };
		096FF2E0208B76E500B8F228 /* LaunchScreen.storyboard in Resources */ = {isa = PBXBuildFile; fileRef = 096FF2DE208B76E500B8F228 /* LaunchScreen.storyboard */; };
		096FF2E8208B8BC900B8F228 /* States.swift in Sources */ = {isa = PBXBuildFile; fileRef = 096FF2E7208B8BC900B8F228 /* States.swift */; };
		096FF2EA208B8BE000B8F228 /* States.xib in Resources */ = {isa = PBXBuildFile; fileRef = 096FF2E9208B8BE000B8F228 /* States.xib */; };
		5AF0713ADBAB2EDCF77041E0 /* EmptyStateView.swift in Sources */ = {isa = PBXBuildFile; fileRef = 5AF07691F1C4C881971F6D8E /* EmptyStateView.swift */; };
		5AF073A9EE20015160B673CD /* BaseView.swift in Sources */ = {isa = PBXBuildFile; fileRef = 5AF07A43AE8061942632602E /* BaseView.swift */; };
		5AF075E2D08FF8D0433C8D6D /* LoadingStateView.swift in Sources */ = {isa = PBXBuildFile; fileRef = 5AF07D109169467061E716A1 /* LoadingStateView.swift */; };
		5AF0766505445A91DF6F3C9A /* Overlay.swift in Sources */ = {isa = PBXBuildFile; fileRef = 5AF07D7736A35411A8A573CC /* Overlay.swift */; };
		5AF07689E0A7E027F74F06DF /* StateManager.swift in Sources */ = {isa = PBXBuildFile; fileRef = 5AF07F92D44FE071EA07A052 /* StateManager.swift */; };
		5AF077EB21692E8E1BA6F73C /* ErrorStateView.swift in Sources */ = {isa = PBXBuildFile; fileRef = 5AF07F028861BEA6BEE80382 /* ErrorStateView.swift */; };
		5AF07B43CA3C3045F54C1BFE /* Content.swift in Sources */ = {isa = PBXBuildFile; fileRef = 5AF07E96AC8FADB0B3D9A397 /* Content.swift */; };
		5AF07E721B6C7BE81315F640 /* ViewState.swift in Sources */ = {isa = PBXBuildFile; fileRef = 5AF076C9B736000226B40C5B /* ViewState.swift */; };
/* End PBXBuildFile section */

/* Begin PBXFileReference section */
		096FF2D2208B76E400B8F228 /* ViewStates.app */ = {isa = PBXFileReference; explicitFileType = wrapper.application; includeInIndex = 0; path = ViewStates.app; sourceTree = BUILT_PRODUCTS_DIR; };
		096FF2D5208B76E400B8F228 /* AppDelegate.swift */ = {isa = PBXFileReference; lastKnownFileType = sourcecode.swift; path = AppDelegate.swift; sourceTree = "<group>"; };
		096FF2D7208B76E400B8F228 /* StateViewController.swift */ = {isa = PBXFileReference; lastKnownFileType = sourcecode.swift; path = StateViewController.swift; sourceTree = "<group>"; };
		096FF2DA208B76E400B8F228 /* Base */ = {isa = PBXFileReference; lastKnownFileType = file.storyboard; name = Base; path = Base.lproj/Main.storyboard; sourceTree = "<group>"; };
		096FF2DC208B76E500B8F228 /* Assets.xcassets */ = {isa = PBXFileReference; lastKnownFileType = folder.assetcatalog; path = Assets.xcassets; sourceTree = "<group>"; };
		096FF2DF208B76E500B8F228 /* Base */ = {isa = PBXFileReference; lastKnownFileType = file.storyboard; name = Base; path = Base.lproj/LaunchScreen.storyboard; sourceTree = "<group>"; };
		096FF2E1208B76E500B8F228 /* Info.plist */ = {isa = PBXFileReference; lastKnownFileType = text.plist.xml; path = Info.plist; sourceTree = "<group>"; };
		096FF2E7208B8BC900B8F228 /* States.swift */ = {isa = PBXFileReference; lastKnownFileType = sourcecode.swift; path = States.swift; sourceTree = "<group>"; };
		096FF2E9208B8BE000B8F228 /* States.xib */ = {isa = PBXFileReference; fileEncoding = 4; lastKnownFileType = file.xib; path = States.xib; sourceTree = "<group>"; };
		5AF07691F1C4C881971F6D8E /* EmptyStateView.swift */ = {isa = PBXFileReference; fileEncoding = 4; lastKnownFileType = sourcecode.swift; path = EmptyStateView.swift; sourceTree = "<group>"; };
		5AF076C9B736000226B40C5B /* ViewState.swift */ = {isa = PBXFileReference; fileEncoding = 4; lastKnownFileType = sourcecode.swift; path = ViewState.swift; sourceTree = "<group>"; };
		5AF07A43AE8061942632602E /* BaseView.swift */ = {isa = PBXFileReference; fileEncoding = 4; lastKnownFileType = sourcecode.swift; path = BaseView.swift; sourceTree = "<group>"; };
		5AF07D109169467061E716A1 /* LoadingStateView.swift */ = {isa = PBXFileReference; fileEncoding = 4; lastKnownFileType = sourcecode.swift; path = LoadingStateView.swift; sourceTree = "<group>"; };
		5AF07D7736A35411A8A573CC /* Overlay.swift */ = {isa = PBXFileReference; fileEncoding = 4; lastKnownFileType = sourcecode.swift; path = Overlay.swift; sourceTree = "<group>"; };
		5AF07E96AC8FADB0B3D9A397 /* Content.swift */ = {isa = PBXFileReference; fileEncoding = 4; lastKnownFileType = sourcecode.swift; path = Content.swift; sourceTree = "<group>"; };
		5AF07F028861BEA6BEE80382 /* ErrorStateView.swift */ = {isa = PBXFileReference; fileEncoding = 4; lastKnownFileType = sourcecode.swift; path = ErrorStateView.swift; sourceTree = "<group>"; };
		5AF07F92D44FE071EA07A052 /* StateManager.swift */ = {isa = PBXFileReference; fileEncoding = 4; lastKnownFileType = sourcecode.swift; path = StateManager.swift; sourceTree = "<group>"; };
/* End PBXFileReference section */

/* Begin PBXFrameworksBuildPhase section */
		096FF2CF208B76E400B8F228 /* Frameworks */ = {
			isa = PBXFrameworksBuildPhase;
			buildActionMask = 2147483647;
			files = (
			);
			runOnlyForDeploymentPostprocessing = 0;
		};
/* End PBXFrameworksBuildPhase section */

/* Begin PBXGroup section */
		096FF2C9208B76E400B8F228 = {
			isa = PBXGroup;
			children = (
				096FF2D4208B76E400B8F228 /* ViewStates */,
				096FF2D3208B76E400B8F228 /* Products */,
			);
			sourceTree = "<group>";
		};
		096FF2D3208B76E400B8F228 /* Products */ = {
			isa = PBXGroup;
			children = (
				096FF2D2208B76E400B8F228 /* ViewStates.app */,
			);
			name = Products;
			sourceTree = "<group>";
		};
		096FF2D4208B76E400B8F228 /* ViewStates */ = {
			isa = PBXGroup;
			children = (
				096FF2EF208B8F1D00B8F228 /* Protocol */,
				096FF2EE208B8F1700B8F228 /* View */,
				096FF2ED208B8F0D00B8F228 /* Model */,
				096FF2EC208B8EF700B8F228 /* Controller */,
				096FF2D5208B76E400B8F228 /* AppDelegate.swift */,
				5AF07F92D44FE071EA07A052 /* StateManager.swift */,
				096FF2D9208B76E400B8F228 /* Main.storyboard */,
				096FF2DE208B76E500B8F228 /* LaunchScreen.storyboard */,
				096FF2DC208B76E500B8F228 /* Assets.xcassets */,
				096FF2E1208B76E500B8F228 /* Info.plist */,
			);
			path = ViewStates;
			sourceTree = "<group>";
		};
		096FF2EC208B8EF700B8F228 /* Controller */ = {
			isa = PBXGroup;
			children = (
				096FF2D7208B76E400B8F228 /* StateViewController.swift */,
			);
			name = Controller;
			sourceTree = "<group>";
		};
		096FF2ED208B8F0D00B8F228 /* Model */ = {
			isa = PBXGroup;
			children = (
				5AF07E96AC8FADB0B3D9A397 /* Content.swift */,
			);
			path = Model;
			sourceTree = "<group>";
		};
		096FF2EE208B8F1700B8F228 /* View */ = {
			isa = PBXGroup;
			children = (
				5AF07A43AE8061942632602E /* BaseView.swift */,
				5AF07691F1C4C881971F6D8E /* EmptyStateView.swift */,
				5AF07F028861BEA6BEE80382 /* ErrorStateView.swift */,
				5AF07D109169467061E716A1 /* LoadingStateView.swift */,
				096FF2E7208B8BC900B8F228 /* States.swift */,
				096FF2E9208B8BE000B8F228 /* States.xib */,
			);
			name = View;
			sourceTree = "<group>";
		};
		096FF2EF208B8F1D00B8F228 /* Protocol */ = {
			isa = PBXGroup;
			children = (
				5AF07D7736A35411A8A573CC /* Overlay.swift */,
				5AF076C9B736000226B40C5B /* ViewState.swift */,
			);
			path = Protocol;
			sourceTree = "<group>";
		};
/* End PBXGroup section */

/* Begin PBXNativeTarget section */
		096FF2D1208B76E400B8F228 /* ViewStates */ = {
			isa = PBXNativeTarget;
			buildConfigurationList = 096FF2E4208B76E500B8F228 /* Build configuration list for PBXNativeTarget "ViewStates" */;
			buildPhases = (
				096FF2CE208B76E400B8F228 /* Sources */,
				096FF2CF208B76E400B8F228 /* Frameworks */,
				096FF2D0208B76E400B8F228 /* Resources */,
			);
			buildRules = (
			);
			dependencies = (
			);
			name = ViewStates;
			productName = ViewStates;
			productReference = 096FF2D2208B76E400B8F228 /* ViewStates.app */;
			productType = "com.apple.product-type.application";
		};
/* End PBXNativeTarget section */

/* Begin PBXProject section */
		096FF2CA208B76E400B8F228 /* Project object */ = {
			isa = PBXProject;
			attributes = {
				LastSwiftUpdateCheck = 0930;
				LastUpgradeCheck = 0930;
				ORGANIZATIONNAME = polydice;
				TargetAttributes = {
					096FF2D1208B76E400B8F228 = {
						CreatedOnToolsVersion = 9.3;
					};
				};
			};
			buildConfigurationList = 096FF2CD208B76E400B8F228 /* Build configuration list for PBXProject "ViewStates" */;
			compatibilityVersion = "Xcode 9.3";
			developmentRegion = en;
			hasScannedForEncodings = 0;
			knownRegions = (
				en,
				Base,
			);
			mainGroup = 096FF2C9208B76E400B8F228;
			productRefGroup = 096FF2D3208B76E400B8F228 /* Products */;
			projectDirPath = "";
			projectRoot = "";
			targets = (
				096FF2D1208B76E400B8F228 /* ViewStates */,
			);
		};
/* End PBXProject section */

/* Begin PBXResourcesBuildPhase section */
		096FF2D0208B76E400B8F228 /* Resources */ = {
			isa = PBXResourcesBuildPhase;
			buildActionMask = 2147483647;
			files = (
				096FF2E0208B76E500B8F228 /* LaunchScreen.storyboard in Resources */,
				096FF2DD208B76E500B8F228 /* Assets.xcassets in Resources */,
				096FF2DB208B76E400B8F228 /* Main.storyboard in Resources */,
				096FF2EA208B8BE000B8F228 /* States.xib in Resources */,
			);
			runOnlyForDeploymentPostprocessing = 0;
		};
/* End PBXResourcesBuildPhase section */

/* Begin PBXSourcesBuildPhase section */
		096FF2CE208B76E400B8F228 /* Sources */ = {
			isa = PBXSourcesBuildPhase;
			buildActionMask = 2147483647;
			files = (
				096FF2D8208B76E400B8F228 /* StateViewController.swift in Sources */,
				096FF2D6208B76E400B8F228 /* AppDelegate.swift in Sources */,
				5AF07689E0A7E027F74F06DF /* StateManager.swift in Sources */,
				5AF07B43CA3C3045F54C1BFE /* Content.swift in Sources */,
				5AF073A9EE20015160B673CD /* BaseView.swift in Sources */,
				5AF0713ADBAB2EDCF77041E0 /* EmptyStateView.swift in Sources */,
				5AF077EB21692E8E1BA6F73C /* ErrorStateView.swift in Sources */,
				096FF2E8208B8BC900B8F228 /* States.swift in Sources */,
				5AF075E2D08FF8D0433C8D6D /* LoadingStateView.swift in Sources */,
				5AF07E721B6C7BE81315F640 /* ViewState.swift in Sources */,
				5AF0766505445A91DF6F3C9A /* Overlay.swift in Sources */,
			);
			runOnlyForDeploymentPostprocessing = 0;
		};
/* End PBXSourcesBuildPhase section */

/* Begin PBXVariantGroup section */
		096FF2D9208B76E400B8F228 /* Main.storyboard */ = {
			isa = PBXVariantGroup;
			children = (
				096FF2DA208B76E400B8F228 /* Base */,
			);
			name = Main.storyboard;
			sourceTree = "<group>";
		};
		096FF2DE208B76E500B8F228 /* LaunchScreen.storyboard */ = {
			isa = PBXVariantGroup;
			children = (
				096FF2DF208B76E500B8F228 /* Base */,
			);
			name = LaunchScreen.storyboard;
			sourceTree = "<group>";
		};
/* End PBXVariantGroup section */

/* Begin XCBuildConfiguration section */
		096FF2E2208B76E500B8F228 /* Debug */ = {
			isa = XCBuildConfiguration;
			buildSettings = {
				ALWAYS_SEARCH_USER_PATHS = NO;
				CLANG_ANALYZER_NONNULL = YES;
				CLANG_ANALYZER_NUMBER_OBJECT_CONVERSION = YES_AGGRESSIVE;
				CLANG_CXX_LANGUAGE_STANDARD = "gnu++14";
				CLANG_CXX_LIBRARY = "libc++";
				CLANG_ENABLE_MODULES = YES;
				CLANG_ENABLE_OBJC_ARC = YES;
				CLANG_ENABLE_OBJC_WEAK = YES;
				CLANG_WARN_BLOCK_CAPTURE_AUTORELEASING = YES;
				CLANG_WARN_BOOL_CONVERSION = YES;
				CLANG_WARN_COMMA = YES;
				CLANG_WARN_CONSTANT_CONVERSION = YES;
				CLANG_WARN_DEPRECATED_OBJC_IMPLEMENTATIONS = YES;
				CLANG_WARN_DIRECT_OBJC_ISA_USAGE = YES_ERROR;
				CLANG_WARN_DOCUMENTATION_COMMENTS = YES;
				CLANG_WARN_EMPTY_BODY = YES;
				CLANG_WARN_ENUM_CONVERSION = YES;
				CLANG_WARN_INFINITE_RECURSION = YES;
				CLANG_WARN_INT_CONVERSION = YES;
				CLANG_WARN_NON_LITERAL_NULL_CONVERSION = YES;
				CLANG_WARN_OBJC_IMPLICIT_RETAIN_SELF = YES;
				CLANG_WARN_OBJC_LITERAL_CONVERSION = YES;
				CLANG_WARN_OBJC_ROOT_CLASS = YES_ERROR;
				CLANG_WARN_RANGE_LOOP_ANALYSIS = YES;
				CLANG_WARN_STRICT_PROTOTYPES = YES;
				CLANG_WARN_SUSPICIOUS_MOVE = YES;
				CLANG_WARN_UNGUARDED_AVAILABILITY = YES_AGGRESSIVE;
				CLANG_WARN_UNREACHABLE_CODE = YES;
				CLANG_WARN__DUPLICATE_METHOD_MATCH = YES;
				CODE_SIGN_IDENTITY = "iPhone Developer";
				COPY_PHASE_STRIP = NO;
				DEBUG_INFORMATION_FORMAT = dwarf;
				ENABLE_STRICT_OBJC_MSGSEND = YES;
				ENABLE_TESTABILITY = YES;
				GCC_C_LANGUAGE_STANDARD = gnu11;
				GCC_DYNAMIC_NO_PIC = NO;
				GCC_NO_COMMON_BLOCKS = YES;
				GCC_OPTIMIZATION_LEVEL = 0;
				GCC_PREPROCESSOR_DEFINITIONS = (
					"DEBUG=1",
					"$(inherited)",
				);
				GCC_WARN_64_TO_32_BIT_CONVERSION = YES;
				GCC_WARN_ABOUT_RETURN_TYPE = YES_ERROR;
				GCC_WARN_UNDECLARED_SELECTOR = YES;
				GCC_WARN_UNINITIALIZED_AUTOS = YES_AGGRESSIVE;
				GCC_WARN_UNUSED_FUNCTION = YES;
				GCC_WARN_UNUSED_VARIABLE = YES;
				IPHONEOS_DEPLOYMENT_TARGET = 11.3;
				MTL_ENABLE_DEBUG_INFO = YES;
				ONLY_ACTIVE_ARCH = YES;
				SDKROOT = iphoneos;
				SWIFT_ACTIVE_COMPILATION_CONDITIONS = DEBUG;
				SWIFT_OPTIMIZATION_LEVEL = "-Onone";
			};
			name = Debug;
		};
		096FF2E3208B76E500B8F228 /* Release */ = {
			isa = XCBuildConfiguration;
			buildSettings = {
				ALWAYS_SEARCH_USER_PATHS = NO;
				CLANG_ANALYZER_NONNULL = YES;
				CLANG_ANALYZER_NUMBER_OBJECT_CONVERSION = YES_AGGRESSIVE;
				CLANG_CXX_LANGUAGE_STANDARD = "gnu++14";
				CLANG_CXX_LIBRARY = "libc++";
				CLANG_ENABLE_MODULES = YES;
				CLANG_ENABLE_OBJC_ARC = YES;
				CLANG_ENABLE_OBJC_WEAK = YES;
				CLANG_WARN_BLOCK_CAPTURE_AUTORELEASING = YES;
				CLANG_WARN_BOOL_CONVERSION = YES;
				CLANG_WARN_COMMA = YES;
				CLANG_WARN_CONSTANT_CONVERSION = YES;
				CLANG_WARN_DEPRECATED_OBJC_IMPLEMENTATIONS = YES;
				CLANG_WARN_DIRECT_OBJC_ISA_USAGE = YES_ERROR;
				CLANG_WARN_DOCUMENTATION_COMMENTS = YES;
				CLANG_WARN_EMPTY_BODY = YES;
				CLANG_WARN_ENUM_CONVERSION = YES;
				CLANG_WARN_INFINITE_RECURSION = YES;
				CLANG_WARN_INT_CONVERSION = YES;
				CLANG_WARN_NON_LITERAL_NULL_CONVERSION = YES;
				CLANG_WARN_OBJC_IMPLICIT_RETAIN_SELF = YES;
				CLANG_WARN_OBJC_LITERAL_CONVERSION = YES;
				CLANG_WARN_OBJC_ROOT_CLASS = YES_ERROR;
				CLANG_WARN_RANGE_LOOP_ANALYSIS = YES;
				CLANG_WARN_STRICT_PROTOTYPES = YES;
				CLANG_WARN_SUSPICIOUS_MOVE = YES;
				CLANG_WARN_UNGUARDED_AVAILABILITY = YES_AGGRESSIVE;
				CLANG_WARN_UNREACHABLE_CODE = YES;
				CLANG_WARN__DUPLICATE_METHOD_MATCH = YES;
				CODE_SIGN_IDENTITY = "iPhone Developer";
				COPY_PHASE_STRIP = NO;
				DEBUG_INFORMATION_FORMAT = "dwarf-with-dsym";
				ENABLE_NS_ASSERTIONS = NO;
				ENABLE_STRICT_OBJC_MSGSEND = YES;
				GCC_C_LANGUAGE_STANDARD = gnu11;
				GCC_NO_COMMON_BLOCKS = YES;
				GCC_WARN_64_TO_32_BIT_CONVERSION = YES;
				GCC_WARN_ABOUT_RETURN_TYPE = YES_ERROR;
				GCC_WARN_UNDECLARED_SELECTOR = YES;
				GCC_WARN_UNINITIALIZED_AUTOS = YES_AGGRESSIVE;
				GCC_WARN_UNUSED_FUNCTION = YES;
				GCC_WARN_UNUSED_VARIABLE = YES;
				IPHONEOS_DEPLOYMENT_TARGET = 11.3;
				MTL_ENABLE_DEBUG_INFO = NO;
				SDKROOT = iphoneos;
				SWIFT_COMPILATION_MODE = wholemodule;
				SWIFT_OPTIMIZATION_LEVEL = "-O";
				VALIDATE_PRODUCT = YES;
			};
			name = Release;
		};
		096FF2E5208B76E500B8F228 /* Debug */ = {
			isa = XCBuildConfiguration;
			buildSettings = {
				ASSETCATALOG_COMPILER_APPICON_NAME = AppIcon;
				CODE_SIGN_STYLE = Automatic;
				DEVELOPMENT_TEAM = U27B56TU48;
				INFOPLIST_FILE = ViewStates/Info.plist;
				LD_RUNPATH_SEARCH_PATHS = (
					"$(inherited)",
					"@executable_path/Frameworks",
				);
				PRODUCT_BUNDLE_IDENTIFIER = polydice.ViewStates;
				PRODUCT_NAME = "$(TARGET_NAME)";
				SWIFT_VERSION = 4.0;
				TARGETED_DEVICE_FAMILY = "1,2";
			};
			name = Debug;
		};
		096FF2E6208B76E500B8F228 /* Release */ = {
			isa = XCBuildConfiguration;
			buildSettings = {
				ASSETCATALOG_COMPILER_APPICON_NAME = AppIcon;
				CODE_SIGN_STYLE = Automatic;
				DEVELOPMENT_TEAM = U27B56TU48;
				INFOPLIST_FILE = ViewStates/Info.plist;
				LD_RUNPATH_SEARCH_PATHS = (
					"$(inherited)",
					"@executable_path/Frameworks",
				);
				PRODUCT_BUNDLE_IDENTIFIER = polydice.ViewStates;
				PRODUCT_NAME = "$(TARGET_NAME)";
				SWIFT_VERSION = 4.0;
				TARGETED_DEVICE_FAMILY = "1,2";
			};
			name = Release;
		};
/* End XCBuildConfiguration section */

/* Begin XCConfigurationList section */
		096FF2CD208B76E400B8F228 /* Build configuration list for PBXProject "ViewStates" */ = {
			isa = XCConfigurationList;
			buildConfigurations = (
				096FF2E2208B76E500B8F228 /* Debug */,
				096FF2E3208B76E500B8F228 /* Release */,
			);
			defaultConfigurationIsVisible = 0;
			defaultConfigurationName = Release;
		};
		096FF2E4208B76E500B8F228 /* Build configuration list for PBXNativeTarget "ViewStates" */ = {
			isa = XCConfigurationList;
			buildConfigurations = (
				096FF2E5208B76E500B8F228 /* Debug */,
				096FF2E6208B76E500B8F228 /* Release */,
			);
			defaultConfigurationIsVisible = 0;
			defaultConfigurationName = Release;
		};
/* End XCConfigurationList section */
	};
	rootObject = 096FF2CA208B76E400B8F228 /* Project object */;
}
